
Microsoft Visual Studio Solution File, Format Version 11.00
# Visual Studio 2010
Project("{FAE04EC0-301F-11D3-BF4B-00C04F79EFBC}") = "EmguCVDemo", "EmguCVDemo\EmguCVDemo.csproj", "{D8CB2ECE-B0FB-4385-9257-A5C0B1313469}"
EndProject
Project("{FAE04EC0-301F-11D3-BF4B-00C04F79EFBC}") = "ImageSlideShow", "ImageSlideShow\ImageSlideShow.csproj", "{0E9CF361-90AB-4364-B8C2-3EDF0ADA4338}"
EndProject
Global
	GlobalSection(SolutionConfigurationPlatforms) = preSolution
		Debug|x86 = Debug|x86
		Release|x86 = Release|x86
	EndGlobalSection
	GlobalSection(ProjectConfigurationPlatforms) = postSolution
		{D8CB2ECE-B0FB-4385-9257-A5C0B1313469}.Debug|x86.ActiveCfg = Debug|x86
		{D8CB2ECE-B0FB-4385-9257-A5C0B1313469}.Debug|x86.Build.0 = Debug|x86
		{D8CB2ECE-B0FB-4385-9257-A5C0B1313469}.Release|x86.ActiveCfg = Release|x86
		{D8CB2ECE-B0FB-4385-9257-A5C0B1313469}.Release|x86.Build.0 = Release|x86
		{0E9CF361-90AB-4364-B8C2-3EDF0ADA4338}.Debug|x86.ActiveCfg = Debug|x86
		{0E9CF361-90AB-4364-B8C2-3EDF0ADA4338}.Debug|x86.Build.0 = Debug|x86
		{0E9CF361-90AB-4364-B8C2-3EDF0ADA4338}.Release|x86.ActiveCfg = Release|x86
		{0E9CF361-90AB-4364-B8C2-3EDF0ADA4338}.Release|x86.Build.0 = Release|x86
	EndGlobalSection
	GlobalSection(SolutionProperties) = preSolution
		HideSolutionNode = FALSE
	EndGlobalSection
EndGlobal
